# Official Agent Orchestrator stable release selected for DCP I3.
DCP_AO_UPSTREAM_REPOSITORY='https://github.com/Untrivial-ai/agent-orchestrator.git'
DCP_AO_UPSTREAM_RELEASE_URL='https://github.com/Untrivial-ai/agent-orchestrator/releases/tag/v0.12.1'
DCP_AO_UPSTREAM_TAG='v0.12.1'
DCP_AO_UPSTREAM_COMMIT='1df40e93772c2c48e916870d9c3ddf8f29a69f84'
DCP_AO_UPSTREAM_TREE='36bf30cc4960c10f0d94fc63a8ff0a4dd22bb8a8'
DCP_AO_UPSTREAM_PUBLISHED_AT='2026-08-05T18:28:27Z'
DCP_AO_UPSTREAM_LICENSE_SHA256='1a2219722b7ef58364065e9073a2cb2831891eb147a785742a31431c9cddad1d'
DCP_AO_UPSTREAM_NOTICE='absent'
DCP_AO_PATCH_FILE='patches/agent-orchestrator/0001-isolate-electron-user-data.patch'
DCP_AO_PATCH_SHA256='54e67a4d3bc338cd40215142bbecc7cd45c3ebddd4b54224ed982b63c5b8bc14'
