# Exact managed DCP Orchestrator source for the current I12 reviewer contour.
DCP_AO_FORK_REPOSITORY='https://github.com/orenvlad-ai/dcp-orchestrator.git'
DCP_AO_FORK_PR_URL='https://github.com/orenvlad-ai/dcp-orchestrator/pull/7'
DCP_AO_FORK_COMMIT='f4970bd46f55ac75069c569e96b89597cd646b6c'
DCP_AO_FORK_TREE='c207b38c685b6c2d071fe9ff1efe3ccee0e01de1'
DCP_AO_FORK_MERGED_AT='2026-08-10T12:53:39Z'
DCP_AO_PRIOR_FORK_COMMIT='723f99844ef07822d0ec55c452923dd553adeae5'
DCP_AO_PRIOR_FORK_TREE='b9519265daaf692bc6d899c86c5c359aca3b782d'
DCP_AO_FORK_LICENSE_SHA256='1a2219722b7ef58364065e9073a2cb2831891eb147a785742a31431c9cddad1d'
DCP_AO_FORK_NOTICE_SHA256='591f69f0abf358b44891fda2fbdf6cbf9e30bd0ef71bfc146fe92edfd1fb1637'
DCP_AO_FORK_PROVENANCE_SHA256='1063dee130fffa68a9b4ec6d5b94ad6ae951d1abadd8de3d6b24bcc04c917fdf'
DCP_AO_I8_PARITY_COMMIT='23fe9bba77873075f32b813fb0a3c936598882fb'
DCP_AO_I8_PARITY_DIFF_SHA256='047c9f74902ede19b6e3a3ba753fc7b2702a322a9be709fb0e975cc5628314d2'

# Read-only foundation provenance retained inside the managed fork history.
DCP_AO_UPSTREAM_REPOSITORY='https://github.com/Untrivial-ai/agent-orchestrator.git'
DCP_AO_UPSTREAM_RELEASE_URL='https://github.com/Untrivial-ai/agent-orchestrator/releases/tag/v0.12.1'
DCP_AO_UPSTREAM_TAG='v0.12.1'
DCP_AO_UPSTREAM_COMMIT='1df40e93772c2c48e916870d9c3ddf8f29a69f84'
DCP_AO_UPSTREAM_TREE='36bf30cc4960c10f0d94fc63a8ff0a4dd22bb8a8'
DCP_AO_UPSTREAM_PUBLISHED_AT='2026-08-05T18:28:27Z'
DCP_AO_UPSTREAM_NOTICE='absent'
