# Exact managed DCP Orchestrator source for the canonical policy contours.
DCP_AO_FORK_REPOSITORY='https://github.com/orenvlad-ai/dcp-orchestrator.git'
DCP_AO_FORK_PR_URL='https://github.com/orenvlad-ai/dcp-orchestrator/pull/76'
DCP_AO_FORK_COMMIT='d084ae3cf0cb3e5e32ebefa197031c24a2b6392d'
DCP_AO_FORK_TREE='a6e3c3347bbbddd256e9edbfc541f115813249d2'
DCP_AO_FORK_MERGED_AT='2026-08-21T11:31:56Z'
DCP_AO_PRIOR_FORK_COMMIT='11401ff6eadb80fd87e48229fb8c5458095a63b1'
DCP_AO_PRIOR_FORK_TREE='91bf6e25ec1b0e0f971ad36f7b80272aded2482c'
DCP_AO_FORK_LICENSE_SHA256='1a2219722b7ef58364065e9073a2cb2831891eb147a785742a31431c9cddad1d'
DCP_AO_FORK_NOTICE_SHA256='591f69f0abf358b44891fda2fbdf6cbf9e30bd0ef71bfc146fe92edfd1fb1637'
DCP_AO_FORK_PROVENANCE_SHA256='1063dee130fffa68a9b4ec6d5b94ad6ae951d1abadd8de3d6b24bcc04c917fdf'
DCP_AO_WB_CORE_POLICY_AGENT_RULES_BYTES='1241'
DCP_AO_WB_CORE_POLICY_AGENT_RULES_SHA256='e9a32d0fb71401360a763ec911a34dabf6215e85203a8a8a45c1b974044f3c74'
DCP_AO_TWIN_POLICY_AGENT_RULES_BYTES='959'
DCP_AO_TWIN_POLICY_AGENT_RULES_SHA256='872b689e4d6b4251e5830fdc68ee4943e291f81ea62494b7197adbbb7305306b'
DCP_AO_TWIN_REPOSITORY_ID='1340359100'
DCP_AO_TWIN_OWNER_ID='237411244'
DCP_AO_TWIN_STAGE4_AUTHORITY_COMMIT='8be08577673722edc9ae036dedea46c88ceac129'
DCP_AO_TWIN_STAGE4_AUTHORITY_CREATED_AT='2026-08-20 16:31:51'
DCP_AO_TWIN_STAGE5_CONTRACT_COMMIT='4143982eb054a40537d963356c209bfe8447ba31'
DCP_AO_TWIN_STAGE5_BASE_SHA='375b9b2d0b4c2fce6f2c417850553f79e24a0d92'
DCP_AO_TWIN_STAGE5_SOURCE_COMMIT='c1fc43d74cd517b7d73540f340058fa17b56ef15'
DCP_AO_TWIN_STAGE5_SOURCE_TREE='ff51ca2b1f6f9fa502b999f50a366a8e35035421'
DCP_AO_TWIN_STAGE5_RECEIPT_SHA256='54dd88beef2e9c93ee86435df2645d6707acf2dc3e2c0c0b4dad6de9b40cc9c0'
DCP_AO_TWIN_STAGE5_ACTIVATED_AT='2026-08-20 16:31:51.157325 +0000 UTC'
DCP_AO_TWIN_STAGE6_TASK_ID='dcp-v2-twin-canary-v1'
DCP_AO_TWIN_STAGE6_REVISION_ID='v2-13f81f321f99d1117dc931419e0bea3945ee35a5'
DCP_AO_TWIN_STAGE6_COMMAND_ID='v2-e028f779a18417e990911057f7db7c666f7487ca'
DCP_AO_TWIN_STAGE6_ACTION_ID='v2-40f87d048813533daa1108b4316c09139acf0a8f'
DCP_AO_TWIN_STAGE6_SUBMITTED_AT='2026-08-20 17:16:00.000286 +0000 UTC'
DCP_AO_TWIN_STAGE6_REQUEST_DIGEST='ce4cad12791d0d1faf13304d4fc0d8690dfbd8df77c42a3ee938a6a1c2dcb50e'
DCP_AO_TWIN_STAGE6_SCOPE_DIGEST='6e4dff1d409632c7413242b0430ea14c9270ea9d3027402967ae76f12f5e0a2a'
DCP_AO_TWIN_STAGE6_REVISION_EVIDENCE_DIGEST='e805dad2d119284815b5afe7723c43e7795a6a777dccd5d09c48d948e931254c'
DCP_AO_TWIN_STAGE6_PAYLOAD_DIGEST='a50a5196f5bb7de1127c3900636a73dcdd4930d844842a6978e61895db2167cb'
DCP_AO_TWIN_STAGE6_COMMAND_UPDATED_AT='2026-08-20 17:16:00.002844 +0000 UTC'
DCP_AO_TWIN_STAGE6_ACTION_UPDATED_AT='2026-08-20 17:16:00.003022 +0000 UTC'
DCP_AO_TWIN_STAGE6_LEASE_EPOCH_SHA256='527b77961e574ad4edc99d365a099fdb963e27a54a7a8d4839e170fef55911e4'
DCP_AO_TWIN_STAGE6_LEASE_TOKEN_SHA256='e7aac00a99a9d8f3d8350ea9e8306172b0f0aea1c313f94286ff30fd0b1716f6'
DCP_AO_TWIN_STAGE6_RECOVERY_PR_URL='https://github.com/orenvlad-ai/dcp-orchestrator/pull/75'
DCP_AO_TWIN_STAGE6_RECOVERY_SOURCE_COMMIT='11401ff6eadb80fd87e48229fb8c5458095a63b1'
DCP_AO_TWIN_STAGE6_RECOVERY_SOURCE_TREE='91bf6e25ec1b0e0f971ad36f7b80272aded2482c'
DCP_AO_TWIN_STAGE6_RECOVERY_RECEIPT_SHA256='098056d800d41f666708b7697d6ccef9f3b5cd2e077a939d89dcf0b1f35767e2'
DCP_AO_TWIN_STAGE6_NATIVE_PAYLOAD_DIGEST='84953d1edaa38afcc8937999ca5b0cbbf1b22d2f2cd475d7a996c38e2713129b'
DCP_AO_TWIN_STAGE6_NATIVE_PROMPT_SHA256='6b1577edad0562017798126e6320db37604857552d13cd486e676bdbeef56668'
DCP_AO_TWIN_STAGE6_NATIVE_ACTION_ID='dcp-model-dcp-v2-twin-canary-v1-worker-1'
DCP_AO_TWIN_STAGE6_NATIVE_ACTION_SEQUENCE='74'
DCP_AO_TWIN_STAGE6_NATIVE_PREDECESSOR_ACTIONS='73'
DCP_AO_TWIN_STAGE6_WBC_PR_HEAD='26044c696651ce5873748ec3f920d40e77c5686c'
DCP_AO_TWIN_WORKFLOW_ID='338377713'
DCP_AO_WBC_CI_TRUTH_CONTRACT_COMMIT='1ca282408bec53a1d696cb58d247e33285209ee9'
DCP_AO_WBC_END_TO_END_CONTRACT_COMMIT='4f7775f375a612a38e96496f09908ab48e3598c5'
DCP_AO_TASK_FIRST_LIFECYCLE_CONTRACT_COMMIT='5075235780b9c38d95faa9657a70265069d3a5c5'
DCP_AO_TASK_FIRST_PREDECESSOR_COMMIT='3fdc3976edc6bad591bca4cf4e254b479a905fb3'
DCP_AO_TASK_FIRST_PREDECESSOR_TREE='5c945ae8c4ce0101463d1ddbdff54bd75d619de0'
DCP_AO_I8_PARITY_COMMIT='23fe9bba77873075f32b813fb0a3c936598882fb'
DCP_AO_I8_PARITY_DIFF_SHA256='047c9f74902ede19b6e3a3ba753fc7b2702a322a9be709fb0e975cc5628314d2'

# Read-only foundation provenance retained inside the managed fork history.
DCP_AO_UPSTREAM_REPOSITORY='https://github.com/Untrivial-ai/agent-orchestrator.git'
DCP_AO_UPSTREAM_RELEASE_URL='https://github.com/Untrivial-ai/agent-orchestrator/releases/tag/v0.12.1'
DCP_AO_UPSTREAM_TAG='v0.12.1'
DCP_AO_UPSTREAM_COMMIT='1df40e93772c2c48e916870d9c3ddf8f29a69f84'
DCP_AO_UPSTREAM_TREE='36bf30cc4960c10f0d94fc63a8ff0a4dd22bb8a8'
DCP_AO_UPSTREAM_PUBLISHED_AT='2026-08-05T18:28:27Z'
DCP_AO_UPSTREAM_NOTICE='absent'
